
Microsoft Visual Studio Solution File, Format Version 12.00
# Visual Studio Version 17
VisualStudioVersion = 17.4.33122.133
MinimumVisualStudioVersion = 10.0.40219.1
Project("{FAE04EC0-301F-11D3-BF4B-00C04F79EFBC}") = "PUBQuery", "PUBQuery\PUBQuery.csproj", "{70477A44-152F-4BFE-A62B-431F25F218BF}"
EndProject
Global
	GlobalSection(SolutionConfigurationPlatforms) = preSolution
		Debug|Any CPU = Debug|Any CPU
		Release|Any CPU = Release|Any CPU
	EndGlobalSection
	GlobalSection(ProjectConfigurationPlatforms) = postSolution
		{70477A44-152F-4BFE-A62B-431F25F218BF}.Debug|Any CPU.ActiveCfg = Debug|Any CPU
		{70477A44-152F-4BFE-A62B-431F25F218BF}.Debug|Any CPU.Build.0 = Debug|Any CPU
		{70477A44-152F-4BFE-A62B-431F25F218BF}.Release|Any CPU.ActiveCfg = Release|Any CPU
		{70477A44-152F-4BFE-A62B-431F25F218BF}.Release|Any CPU.Build.0 = Release|Any CPU
	EndGlobalSection
	GlobalSection(SolutionProperties) = preSolution
		HideSolutionNode = FALSE
	EndGlobalSection
	GlobalSection(ExtensibilityGlobals) = postSolution
		SolutionGuid = {FED1A4A7-5B57-4239-B90B-80822565A1FE}
	EndGlobalSection
EndGlobal
